
Microsoft Visual Studio Solution File, Format Version 12.00
# Visual Studio Version 17
VisualStudioVersion = 17.0.32014.148
MinimumVisualStudioVersion = 10.0.40219.1
Project("{FAE04EC0-301F-11D3-BF4B-00C04F79EFBC}") = "DatabaseProject", "DatabaseProject\DatabaseProject.csproj", "{D883A9E4-C619-4773-9844-9FF2F097FCC1}"
EndProject
Global
	GlobalSection(SolutionConfigurationPlatforms) = preSolution
		Debug|Any CPU = Debug|Any CPU
		Release|Any CPU = Release|Any CPU
	EndGlobalSection
	GlobalSection(ProjectConfigurationPlatforms) = postSolution
		{D883A9E4-C619-4773-9844-9FF2F097FCC1}.Debug|Any CPU.ActiveCfg = Debug|Any CPU
		{D883A9E4-C619-4773-9844-9FF2F097FCC1}.Debug|Any CPU.Build.0 = Debug|Any CPU
		{D883A9E4-C619-4773-9844-9FF2F097FCC1}.Release|Any CPU.ActiveCfg = Release|Any CPU
		{D883A9E4-C619-4773-9844-9FF2F097FCC1}.Release|Any CPU.Build.0 = Release|Any CPU
	EndGlobalSection
	GlobalSection(SolutionProperties) = preSolution
		HideSolutionNode = FALSE
	EndGlobalSection
	GlobalSection(ExtensibilityGlobals) = postSolution
		SolutionGuid = {5092EB0E-01DA-471E-9DF4-CB3CB6C13331}
	EndGlobalSection
EndGlobal
